// !$*UTF8*$!
{
	archiveVersion = 1;
	classes = {
	};
	objectVersion = 51;
	objects = {

/* Begin PBXBuildFile section */
		2F0B88AD4443D78C6D657A88 /* Pods_Parstagram.framework in Frameworks */ = {isa = PBXBuildFile; fileRef = 1CC6F0BCA2194522965BDB77 /* Pods_Parstagram.framework */; };
		766C7A4C260C72B200377AD8 /* CommentCell.swift in Sources */ = {isa = PBXBuildFile; fileRef = 766C7A4B260C72B200377AD8 /* CommentCell.swift */; };
		76A88CD526069D6C009868C7 /* AppDelegate.swift in Sources */ = {isa = PBXBuildFile; fileRef = 76A88CD426069D6C009868C7 /* AppDelegate.swift */; };
		76A88CD726069D6C009868C7 /* SceneDelegate.swift in Sources */ = {isa = PBXBuildFile; fileRef = 76A88CD626069D6C009868C7 /* SceneDelegate.swift */; };
		76A88CDC26069D6C009868C7 /* Main.storyboard in Resources */ = {isa = PBXBuildFile; fileRef = 76A88CDA26069D6C009868C7 /* Main.storyboard */; };
		76A88CDE26069D6D009868C7 /* Assets.xcassets in Resources */ = {isa = PBXBuildFile; fileRef = 76A88CDD26069D6D009868C7 /* Assets.xcassets */; };
		76A88CE126069D6D009868C7 /* LaunchScreen.storyboard in Resources */ = {isa = PBXBuildFile; fileRef = 76A88CDF26069D6D009868C7 /* LaunchScreen.storyboard */; };
		76A88CEC26069D6D009868C7 /* ParstagramTests.swift in Sources */ = {isa = PBXBuildFile; fileRef = 76A88CEB26069D6D009868C7 /* ParstagramTests.swift */; };
		76A88CF726069D6D009868C7 /* ParstagramUITests.swift in Sources */ = {isa = PBXBuildFile; fileRef = 76A88CF626069D6D009868C7 /* ParstagramUITests.swift */; };
		76E0DF402606A32E0051AFF5 /* LoginViewController.swift in Sources */ = {isa = PBXBuildFile; fileRef = 76E0DF3F2606A32E0051AFF5 /* LoginViewController.swift */; };
		76E0DF452606A3360051AFF5 /* FeedViewController.swift in Sources */ = {isa = PBXBuildFile; fileRef = 76E0DF442606A3360051AFF5 /* FeedViewController.swift */; };
		76E0DF4B2606A7AA0051AFF5 /* CameraViewController.swift in Sources */ = {isa = PBXBuildFile; fileRef = 76E0DF4A2606A7AA0051AFF5 /* CameraViewController.swift */; };
		76E0DF5E2606AFC20051AFF5 /* PostCell.swift in Sources */ = {isa = PBXBuildFile; fileRef = 76E0DF5D2606AFC20051AFF5 /* PostCell.swift */; };
		A6677277EB14139B14802188 /* Pods_Parstagram_ParstagramUITests.framework in Frameworks */ = {isa = PBXBuildFile; fileRef = CD6A3DCB5A6E1C89B97D9DB5 /* Pods_Parstagram_ParstagramUITests.framework */; };
		C81601904BDF833F1E12B175 /* Pods_ParstagramTests.framework in Frameworks */ = {isa = PBXBuildFile; fileRef = 7B87A15BE90B91C66D6E68DE /* Pods_ParstagramTests.framework */; };
/* End PBXBuildFile section */

/* Begin PBXContainerItemProxy section */
		76A88CE826069D6D009868C7 /* PBXContainerItemProxy */ = {
			isa = PBXContainerItemProxy;
			containerPortal = 76A88CC926069D6C009868C7 /* Project object */;
			proxyType = 1;
			remoteGlobalIDString = 76A88CD026069D6C009868C7;
			remoteInfo = Parstagram;
		};
		76A88CF326069D6D009868C7 /* PBXContainerItemProxy */ = {
			isa = PBXContainerItemProxy;
			containerPortal = 76A88CC926069D6C009868C7 /* Project object */;
			proxyType = 1;
			remoteGlobalIDString = 76A88CD026069D6C009868C7;
			remoteInfo = Parstagram;
		};
/* End PBXContainerItemProxy section */

/* Begin PBXFileReference section */
		1CC6F0BCA2194522965BDB77 /* Pods_Parstagram.framework */ = {isa = PBXFileReference; explicitFileType = wrapper.framework; includeInIndex = 0; path = Pods_Parstagram.framework; sourceTree = BUILT_PRODUCTS_DIR; };
		1DB4BC8133E64A44DAECE380 /* Pods-ParstagramTests.release.xcconfig */ = {isa = PBXFileReference; includeInIndex = 1; lastKnownFileType = text.xcconfig; name = "Pods-ParstagramTests.release.xcconfig"; path = "Target Support Files/Pods-ParstagramTests/Pods-ParstagramTests.release.xcconfig"; sourceTree = "<group>"; };
		39729FB380EA70B801FBEF1C /* Pods-Parstagram.release.xcconfig */ = {isa = PBXFileReference; includeInIndex = 1; lastKnownFileType = text.xcconfig; name = "Pods-Parstagram.release.xcconfig"; path = "Target Support Files/Pods-Parstagram/Pods-Parstagram.release.xcconfig"; sourceTree = "<group>"; };
		766C7A4B260C72B200377AD8 /* CommentCell.swift */ = {isa = PBXFileReference; lastKnownFileType = sourcecode.swift; path = CommentCell.swift; sourceTree = "<group>"; };
		76A88CD126069D6C009868C7 /* Parstagram.app */ = {isa = PBXFileReference; explicitFileType = wrapper.application; includeInIndex = 0; path = Parstagram.app; sourceTree = BUILT_PRODUCTS_DIR; };
		76A88CD426069D6C009868C7 /* AppDelegate.swift */ = {isa = PBXFileReference; lastKnownFileType = sourcecode.swift; path = AppDelegate.swift; sourceTree = "<group>"; };
		76A88CD626069D6C009868C7 /* SceneDelegate.swift */ = {isa = PBXFileReference; lastKnownFileType = sourcecode.swift; path = SceneDelegate.swift; sourceTree = "<group>"; };
		76A88CDB26069D6C009868C7 /* Base */ = {isa = PBXFileReference; lastKnownFileType = file.storyboard; name = Base; path = Base.lproj/Main.storyboard; sourceTree = "<group>"; };
		76A88CDD26069D6D009868C7 /* Assets.xcassets */ = {isa = PBXFileReference; lastKnownFileType = folder.assetcatalog; path = Assets.xcassets; sourceTree = "<group>"; };
		76A88CE026069D6D009868C7 /* Base */ = {isa = PBXFileReference; lastKnownFileType = file.storyboard; name = Base; path = Base.lproj/LaunchScreen.storyboard; sourceTree = "<group>"; };
		76A88CE226069D6D009868C7 /* Info.plist */ = {isa = PBXFileReference; lastKnownFileType = text.plist.xml; path = Info.plist; sourceTree = "<group>"; };
		76A88CE726069D6D009868C7 /* ParstagramTests.xctest */ = {isa = PBXFileReference; explicitFileType = wrapper.cfbundle; includeInIndex = 0; path = ParstagramTests.xctest; sourceTree = BUILT_PRODUCTS_DIR; };
		76A88CEB26069D6D009868C7 /* ParstagramTests.swift */ = {isa = PBXFileReference; lastKnownFileType = sourcecode.swift; path = ParstagramTests.swift; sourceTree = "<group>"; };
		76A88CED26069D6D009868C7 /* Info.plist */ = {isa = PBXFileReference; lastKnownFileType = text.plist.xml; path = Info.plist; sourceTree = "<group>"; };
		76A88CF226069D6D009868C7 /* ParstagramUITests.xctest */ = {isa = PBXFileReference; explicitFileType = wrapper.cfbundle; includeInIndex = 0; path = ParstagramUITests.xctest; sourceTree = BUILT_PRODUCTS_DIR; };
		76A88CF626069D6D009868C7 /* ParstagramUITests.swift */ = {isa = PBXFileReference; lastKnownFileType = sourcecode.swift; path = ParstagramUITests.swift; sourceTree = "<group>"; };
		76A88CF826069D6D009868C7 /* Info.plist */ = {isa = PBXFileReference; lastKnownFileType = text.plist.xml; path = Info.plist; sourceTree = "<group>"; };
		76E0DF3F2606A32E0051AFF5 /* LoginViewController.swift */ = {isa = PBXFileReference; lastKnownFileType = sourcecode.swift; path = LoginViewController.swift; sourceTree = "<group>"; };
		76E0DF442606A3360051AFF5 /* FeedViewController.swift */ = {isa = PBXFileReference; lastKnownFileType = sourcecode.swift; path = FeedViewController.swift; sourceTree = "<group>"; };
		76E0DF4A2606A7AA0051AFF5 /* CameraViewController.swift */ = {isa = PBXFileReference; lastKnownFileType = sourcecode.swift; path = CameraViewController.swift; sourceTree = "<group>"; };
		76E0DF5D2606AFC20051AFF5 /* PostCell.swift */ = {isa = PBXFileReference; lastKnownFileType = sourcecode.swift; path = PostCell.swift; sourceTree = "<group>"; };
		7AB7201C0996A1F5F0A210B2 /* Pods-Parstagram-ParstagramUITests.debug.xcconfig */ = {isa = PBXFileReference; includeInIndex = 1; lastKnownFileType = text.xcconfig; name = "Pods-Parstagram-ParstagramUITests.debug.xcconfig"; path = "Target Support Files/Pods-Parstagram-ParstagramUITests/Pods-Parstagram-ParstagramUITests.debug.xcconfig"; sourceTree = "<group>"; };
		7B87A15BE90B91C66D6E68DE /* Pods_ParstagramTests.framework */ = {isa = PBXFileReference; explicitFileType = wrapper.framework; includeInIndex = 0; path = Pods_ParstagramTests.framework; sourceTree = BUILT_PRODUCTS_DIR; };
		A0A7CBE20CB59ECEC754A91E /* Pods-ParstagramTests.debug.xcconfig */ = {isa = PBXFileReference; includeInIndex = 1; lastKnownFileType = text.xcconfig; name = "Pods-ParstagramTests.debug.xcconfig"; path = "Target Support Files/Pods-ParstagramTests/Pods-ParstagramTests.debug.xcconfig"; sourceTree = "<group>"; };
		CB9F6961579CAAC11DE8C2D2 /* Pods-Parstagram-ParstagramUITests.release.xcconfig */ = {isa = PBXFileReference; includeInIndex = 1; lastKnownFileType = text.xcconfig; name = "Pods-Parstagram-ParstagramUITests.release.xcconfig"; path = "Target Support Files/Pods-Parstagram-ParstagramUITests/Pods-Parstagram-ParstagramUITests.release.xcconfig"; sourceTree = "<group>"; };
		CD6A3DCB5A6E1C89B97D9DB5 /* Pods_Parstagram_ParstagramUITests.framework */ = {isa = PBXFileReference; explicitFileType = wrapper.framework; includeInIndex = 0; path = Pods_Parstagram_ParstagramUITests.framework; sourceTree = BUILT_PRODUCTS_DIR; };
		F363C062DF407AA1080C709A /* Pods-Parstagram.debug.xcconfig */ = {isa = PBXFileReference; includeInIndex = 1; lastKnownFileType = text.xcconfig; name = "Pods-Parstagram.debug.xcconfig"; path = "Target Support Files/Pods-Parstagram/Pods-Parstagram.debug.xcconfig"; sourceTree = "<group>"; };
/* End PBXFileReference section */

/* Begin PBXFrameworksBuildPhase section */
		76A88CCE26069D6C009868C7 /* Frameworks */ = {
			isa = PBXFrameworksBuildPhase;
			buildActionMask = 2147483647;
			files = (
				2F0B88AD4443D78C6D657A88 /* Pods_Parstagram.framework in Frameworks */,
			);
			runOnlyForDeploymentPostprocessing = 0;
		};
		76A88CE426069D6D009868C7 /* Frameworks */ = {
			isa = PBXFrameworksBuildPhase;
			buildActionMask = 2147483647;
			files = (
				C81601904BDF833F1E12B175 /* Pods_ParstagramTests.framework in Frameworks */,
			);
			runOnlyForDeploymentPostprocessing = 0;
		};
		76A88CEF26069D6D009868C7 /* Frameworks */ = {
			isa = PBXFrameworksBuildPhase;
			buildActionMask = 2147483647;
			files = (
				A6677277EB14139B14802188 /* Pods_Parstagram_ParstagramUITests.framework in Frameworks */,
			);
			runOnlyForDeploymentPostprocessing = 0;
		};
/* End PBXFrameworksBuildPhase section */

/* Begin PBXGroup section */
		05C359D2B8AEE91399ACDFA4 /* Frameworks */ = {
			isa = PBXGroup;
			children = (
				1CC6F0BCA2194522965BDB77 /* Pods_Parstagram.framework */,
				CD6A3DCB5A6E1C89B97D9DB5 /* Pods_Parstagram_ParstagramUITests.framework */,
				7B87A15BE90B91C66D6E68DE /* Pods_ParstagramTests.framework */,
			);
			name = Frameworks;
			sourceTree = "<group>";
		};
		76A88CC826069D6C009868C7 = {
			isa = PBXGroup;
			children = (
				76A88CD326069D6C009868C7 /* Parstagram */,
				76A88CEA26069D6D009868C7 /* ParstagramTests */,
				76A88CF526069D6D009868C7 /* ParstagramUITests */,
				76A88CD226069D6C009868C7 /* Products */,
				A5D52A6D549D2D388A9EE395 /* Pods */,
				05C359D2B8AEE91399ACDFA4 /* Frameworks */,
			);
			sourceTree = "<group>";
		};
		76A88CD226069D6C009868C7 /* Products */ = {
			isa = PBXGroup;
			children = (
				76A88CD126069D6C009868C7 /* Parstagram.app */,
				76A88CE726069D6D009868C7 /* ParstagramTests.xctest */,
				76A88CF226069D6D009868C7 /* ParstagramUITests.xctest */,
			);
			name = Products;
			sourceTree = "<group>";
		};
		76A88CD326069D6C009868C7 /* Parstagram */ = {
			isa = PBXGroup;
			children = (
				76A88CD426069D6C009868C7 /* AppDelegate.swift */,
				76A88CD626069D6C009868C7 /* SceneDelegate.swift */,
				76A88CDA26069D6C009868C7 /* Main.storyboard */,
				76A88CDD26069D6D009868C7 /* Assets.xcassets */,
				76A88CDF26069D6D009868C7 /* LaunchScreen.storyboard */,
				76A88CE226069D6D009868C7 /* Info.plist */,
				76E0DF3F2606A32E0051AFF5 /* LoginViewController.swift */,
				76E0DF442606A3360051AFF5 /* FeedViewController.swift */,
				76E0DF4A2606A7AA0051AFF5 /* CameraViewController.swift */,
				76E0DF5D2606AFC20051AFF5 /* PostCell.swift */,
				766C7A4B260C72B200377AD8 /* CommentCell.swift */,
			);
			path = Parstagram;
			sourceTree = "<group>";
		};
		76A88CEA26069D6D009868C7 /* ParstagramTests */ = {
			isa = PBXGroup;
			children = (
				76A88CEB26069D6D009868C7 /* ParstagramTests.swift */,
				76A88CED26069D6D009868C7 /* Info.plist */,
			);
			path = ParstagramTests;
			sourceTree = "<group>";
		};
		76A88CF526069D6D009868C7 /* ParstagramUITests */ = {
			isa = PBXGroup;
			children = (
				76A88CF626069D6D009868C7 /* ParstagramUITests.swift */,
				76A88CF826069D6D009868C7 /* Info.plist */,
			);
			path = ParstagramUITests;
			sourceTree = "<group>";
		};
		A5D52A6D549D2D388A9EE395 /* Pods */ = {
			isa = PBXGroup;
			children = (
				F363C062DF407AA1080C709A /* Pods-Parstagram.debug.xcconfig */,
				39729FB380EA70B801FBEF1C /* Pods-Parstagram.release.xcconfig */,
				7AB7201C0996A1F5F0A210B2 /* Pods-Parstagram-ParstagramUITests.debug.xcconfig */,
				CB9F6961579CAAC11DE8C2D2 /* Pods-Parstagram-ParstagramUITests.release.xcconfig */,
				A0A7CBE20CB59ECEC754A91E /* Pods-ParstagramTests.debug.xcconfig */,
				1DB4BC8133E64A44DAECE380 /* Pods-ParstagramTests.release.xcconfig */,
			);
			path = Pods;
			sourceTree = "<group>";
		};
/* End PBXGroup section */

/* Begin PBXNativeTarget section */
		76A88CD026069D6C009868C7 /* Parstagram */ = {
			isa = PBXNativeTarget;
			buildConfigurationList = 76A88CFB26069D6D009868C7 /* Build configuration list for PBXNativeTarget "Parstagram" */;
			buildPhases = (
				281ADD4BF182ECE22BFBB5FF /* [CP] Check Pods Manifest.lock */,
				76A88CCD26069D6C009868C7 /* Sources */,
				76A88CCE26069D6C009868C7 /* Frameworks */,
				76A88CCF26069D6C009868C7 /* Resources */,
				B93294D6064999BB78B69D4F /* [CP] Embed Pods Frameworks */,
			);
			buildRules = (
			);
			dependencies = (
			);
			name = Parstagram;
			productName = Parstagram;
			productReference = 76A88CD126069D6C009868C7 /* Parstagram.app */;
			productType = "com.apple.product-type.application";
		};
		76A88CE626069D6D009868C7 /* ParstagramTests */ = {
			isa = PBXNativeTarget;
			buildConfigurationList = 76A88CFE26069D6D009868C7 /* Build configuration list for PBXNativeTarget "ParstagramTests" */;
			buildPhases = (
				2BCB574153D78F8F2E409DDE /* [CP] Check Pods Manifest.lock */,
				76A88CE326069D6D009868C7 /* Sources */,
				76A88CE426069D6D009868C7 /* Frameworks */,
				76A88CE526069D6D009868C7 /* Resources */,
			);
			buildRules = (
			);
			dependencies = (
				76A88CE926069D6D009868C7 /* PBXTargetDependency */,
			);
			name = ParstagramTests;
			productName = ParstagramTests;
			productReference = 76A88CE726069D6D009868C7 /* ParstagramTests.xctest */;
			productType = "com.apple.product-type.bundle.unit-test";
		};
		76A88CF126069D6D009868C7 /* ParstagramUITests */ = {
			isa = PBXNativeTarget;
			buildConfigurationList = 76A88D0126069D6D009868C7 /* Build configuration list for PBXNativeTarget "ParstagramUITests" */;
			buildPhases = (
				DF21B17C33E3E02EC2263D0C /* [CP] Check Pods Manifest.lock */,
				76A88CEE26069D6D009868C7 /* Sources */,
				76A88CEF26069D6D009868C7 /* Frameworks */,
				76A88CF026069D6D009868C7 /* Resources */,
				A458E930D5341493CBB6CE28 /* [CP] Embed Pods Frameworks */,
			);
			buildRules = (
			);
			dependencies = (
				76A88CF426069D6D009868C7 /* PBXTargetDependency */,
			);
			name = ParstagramUITests;
			productName = ParstagramUITests;
			productReference = 76A88CF226069D6D009868C7 /* ParstagramUITests.xctest */;
			productType = "com.apple.product-type.bundle.ui-testing";
		};
/* End PBXNativeTarget section */

/* Begin PBXProject section */
		76A88CC926069D6C009868C7 /* Project object */ = {
			isa = PBXProject;
			attributes = {
				LastSwiftUpdateCheck = 1240;
				LastUpgradeCheck = 1240;
				TargetAttributes = {
					76A88CD026069D6C009868C7 = {
						CreatedOnToolsVersion = 12.4;
					};
					76A88CE626069D6D009868C7 = {
						CreatedOnToolsVersion = 12.4;
						TestTargetID = 76A88CD026069D6C009868C7;
					};
					76A88CF126069D6D009868C7 = {
						CreatedOnToolsVersion = 12.4;
						TestTargetID = 76A88CD026069D6C009868C7;
					};
				};
			};
			buildConfigurationList = 76A88CCC26069D6C009868C7 /* Build configuration list for PBXProject "Parstagram" */;
			compatibilityVersion = "Xcode 9.3";
			developmentRegion = en;
			hasScannedForEncodings = 0;
			knownRegions = (
				en,
				Base,
			);
			mainGroup = 76A88CC826069D6C009868C7;
			productRefGroup = 76A88CD226069D6C009868C7 /* Products */;
			projectDirPath = "";
			projectRoot = "";
			targets = (
				76A88CD026069D6C009868C7 /* Parstagram */,
				76A88CE626069D6D009868C7 /* ParstagramTests */,
				76A88CF126069D6D009868C7 /* ParstagramUITests */,
			);
		};
/* End PBXProject section */

/* Begin PBXResourcesBuildPhase section */
		76A88CCF26069D6C009868C7 /* Resources */ = {
			isa = PBXResourcesBuildPhase;
			buildActionMask = 2147483647;
			files = (
				76A88CE126069D6D009868C7 /* LaunchScreen.storyboard in Resources */,
				76A88CDE26069D6D009868C7 /* Assets.xcassets in Resources */,
				76A88CDC26069D6C009868C7 /* Main.storyboard in Resources */,
			);
			runOnlyForDeploymentPostprocessing = 0;
		};
		76A88CE526069D6D009868C7 /* Resources */ = {
			isa = PBXResourcesBuildPhase;
			buildActionMask = 2147483647;
			files = (
			);
			runOnlyForDeploymentPostprocessing = 0;
		};
		76A88CF026069D6D009868C7 /* Resources */ = {
			isa = PBXResourcesBuildPhase;
			buildActionMask = 2147483647;
			files = (
			);
			runOnlyForDeploymentPostprocessing = 0;
		};
/* End PBXResourcesBuildPhase section */

/* Begin PBXShellScriptBuildPhase section */
		281ADD4BF182ECE22BFBB5FF /* [CP] Check Pods Manifest.lock */ = {
			isa = PBXShellScriptBuildPhase;
			buildActionMask = 2147483647;
			files = (
			);
			inputFileListPaths = (
			);
			inputPaths = (
				"${PODS_PODFILE_DIR_PATH}/Podfile.lock",
				"${PODS_ROOT}/Manifest.lock",
			);
			name = "[CP] Check Pods Manifest.lock";
			outputFileListPaths = (
			);
			outputPaths = (
				"$(DERIVED_FILE_DIR)/Pods-Parstagram-checkManifestLockResult.txt",
			);
			runOnlyForDeploymentPostprocessing = 0;
			shellPath = /bin/sh;
			shellScript = "diff \"${PODS_PODFILE_DIR_PATH}/Podfile.lock\" \"${PODS_ROOT}/Manifest.lock\" > /dev/null\nif [ $? != 0 ] ; then\n    # print error to STDERR\n    echo \"error: The sandbox is not in sync with the Podfile.lock. Run 'pod install' or update your CocoaPods installation.\" >&2\n    exit 1\nfi\n# This output is used by Xcode 'outputs' to avoid re-running this script phase.\necho \"SUCCESS\" > \"${SCRIPT_OUTPUT_FILE_0}\"\n";
			showEnvVarsInLog = 0;
		};
		2BCB574153D78F8F2E409DDE /* [CP] Check Pods Manifest.lock */ = {
			isa = PBXShellScriptBuildPhase;
			buildActionMask = 2147483647;
			files = (
			);
			inputFileListPaths = (
			);
			inputPaths = (
				"${PODS_PODFILE_DIR_PATH}/Podfile.lock",
				"${PODS_ROOT}/Manifest.lock",
			);
			name = "[CP] Check Pods Manifest.lock";
			outputFileListPaths = (
			);
			outputPaths = (
				"$(DERIVED_FILE_DIR)/Pods-ParstagramTests-checkManifestLockResult.txt",
			);
			runOnlyForDeploymentPostprocessing = 0;
			shellPath = /bin/sh;
			shellScript = "diff \"${PODS_PODFILE_DIR_PATH}/Podfile.lock\" \"${PODS_ROOT}/Manifest.lock\" > /dev/null\nif [ $? != 0 ] ; then\n    # print error to STDERR\n    echo \"error: The sandbox is not in sync with the Podfile.lock. Run 'pod install' or update your CocoaPods installation.\" >&2\n    exit 1\nfi\n# This output is used by Xcode 'outputs' to avoid re-running this script phase.\necho \"SUCCESS\" > \"${SCRIPT_OUTPUT_FILE_0}\"\n";
			showEnvVarsInLog = 0;
		};
		A458E930D5341493CBB6CE28 /* [CP] Embed Pods Frameworks */ = {
			isa = PBXShellScriptBuildPhase;
			buildActionMask = 2147483647;
			files = (
			);
			inputFileListPaths = (
				"${PODS_ROOT}/Target Support Files/Pods-Parstagram-ParstagramUITests/Pods-Parstagram-ParstagramUITests-frameworks-${CONFIGURATION}-input-files.xcfilelist",
			);
			name = "[CP] Embed Pods Frameworks";
			outputFileListPaths = (
				"${PODS_ROOT}/Target Support Files/Pods-Parstagram-ParstagramUITests/Pods-Parstagram-ParstagramUITests-frameworks-${CONFIGURATION}-output-files.xcfilelist",
			);
			runOnlyForDeploymentPostprocessing = 0;
			shellPath = /bin/sh;
			shellScript = "\"${PODS_ROOT}/Target Support Files/Pods-Parstagram-ParstagramUITests/Pods-Parstagram-ParstagramUITests-frameworks.sh\"\n";
			showEnvVarsInLog = 0;
		};
		B93294D6064999BB78B69D4F /* [CP] Embed Pods Frameworks */ = {
			isa = PBXShellScriptBuildPhase;
			buildActionMask = 2147483647;
			files = (
			);
			inputFileListPaths = (
				"${PODS_ROOT}/Target Support Files/Pods-Parstagram/Pods-Parstagram-frameworks-${CONFIGURATION}-input-files.xcfilelist",
			);
			name = "[CP] Embed Pods Frameworks";
			outputFileListPaths = (
				"${PODS_ROOT}/Target Support Files/Pods-Parstagram/Pods-Parstagram-frameworks-${CONFIGURATION}-output-files.xcfilelist",
			);
			runOnlyForDeploymentPostprocessing = 0;
			shellPath = /bin/sh;
			shellScript = "\"${PODS_ROOT}/Target Support Files/Pods-Parstagram/Pods-Parstagram-frameworks.sh\"\n";
			showEnvVarsInLog = 0;
		};
		DF21B17C33E3E02EC2263D0C /* [CP] Check Pods Manifest.lock */ = {
			isa = PBXShellScriptBuildPhase;
			buildActionMask = 2147483647;
			files = (
			);
			inputFileListPaths = (
			);
			inputPaths = (
				"${PODS_PODFILE_DIR_PATH}/Podfile.lock",
				"${PODS_ROOT}/Manifest.lock",
			);
			name = "[CP] Check Pods Manifest.lock";
			outputFileListPaths = (
			);
			outputPaths = (
				"$(DERIVED_FILE_DIR)/Pods-Parstagram-ParstagramUITests-checkManifestLockResult.txt",
			);
			runOnlyForDeploymentPostprocessing = 0;
			shellPath = /bin/sh;
			shellScript = "diff \"${PODS_PODFILE_DIR_PATH}/Podfile.lock\" \"${PODS_ROOT}/Manifest.lock\" > /dev/null\nif [ $? != 0 ] ; then\n    # print error to STDERR\n    echo \"error: The sandbox is not in sync with the Podfile.lock. Run 'pod install' or update your CocoaPods installation.\" >&2\n    exit 1\nfi\n# This output is used by Xcode 'outputs' to avoid re-running this script phase.\necho \"SUCCESS\" > \"${SCRIPT_OUTPUT_FILE_0}\"\n";
			showEnvVarsInLog = 0;
		};
/* End PBXShellScriptBuildPhase section */

/* Begin PBXSourcesBuildPhase section */
		76A88CCD26069D6C009868C7 /* Sources */ = {
			isa = PBXSourcesBuildPhase;
			buildActionMask = 2147483647;
			files = (
				76E0DF402606A32E0051AFF5 /* LoginViewController.swift in Sources */,
				76E0DF4B2606A7AA0051AFF5 /* CameraViewController.swift in Sources */,
				76A88CD526069D6C009868C7 /* AppDelegate.swift in Sources */,
				76E0DF452606A3360051AFF5 /* FeedViewController.swift in Sources */,
				76A88CD726069D6C009868C7 /* SceneDelegate.swift in Sources */,
				76E0DF5E2606AFC20051AFF5 /* PostCell.swift in Sources */,
				766C7A4C260C72B200377AD8 /* CommentCell.swift in Sources */,
			);
			runOnlyForDeploymentPostprocessing = 0;
		};
		76A88CE326069D6D009868C7 /* Sources */ = {
			isa = PBXSourcesBuildPhase;
			buildActionMask = 2147483647;
			files = (
				76A88CEC26069D6D009868C7 /* ParstagramTests.swift in Sources */,
			);
			runOnlyForDeploymentPostprocessing = 0;
		};
		76A88CEE26069D6D009868C7 /* Sources */ = {
			isa = PBXSourcesBuildPhase;
			buildActionMask = 2147483647;
			files = (
				76A88CF726069D6D009868C7 /* ParstagramUITests.swift in Sources */,
			);
			runOnlyForDeploymentPostprocessing = 0;
		};
/* End PBXSourcesBuildPhase section */

/* Begin PBXTargetDependency section */
		76A88CE926069D6D009868C7 /* PBXTargetDependency */ = {
			isa = PBXTargetDependency;
			target = 76A88CD026069D6C009868C7 /* Parstagram */;
			targetProxy = 76A88CE826069D6D009868C7 /* PBXContainerItemProxy */;
		};
		76A88CF426069D6D009868C7 /* PBXTargetDependency */ = {
			isa = PBXTargetDependency;
			target = 76A88CD026069D6C009868C7 /* Parstagram */;
			targetProxy = 76A88CF326069D6D009868C7 /* PBXContainerItemProxy */;
		};
/* End PBXTargetDependency section */

/* Begin PBXVariantGroup section */
		76A88CDA26069D6C009868C7 /* Main.storyboard */ = {
			isa = PBXVariantGroup;
			children = (
				76A88CDB26069D6C009868C7 /* Base */,
			);
			name = Main.storyboard;
			sourceTree = "<group>";
		};
		76A88CDF26069D6D009868C7 /* LaunchScreen.storyboard */ = {
			isa = PBXVariantGroup;
			children = (
				76A88CE026069D6D009868C7 /* Base */,
			);
			name = LaunchScreen.storyboard;
			sourceTree = "<group>";
		};
/* End PBXVariantGroup section */

/* Begin XCBuildConfiguration section */
		76A88CF926069D6D009868C7 /* Debug */ = {
			isa = XCBuildConfiguration;
			buildSettings = {
				ALWAYS_SEARCH_USER_PATHS = NO;
				CLANG_ANALYZER_NONNULL = YES;
				CLANG_ANALYZER_NUMBER_OBJECT_CONVERSION = YES_AGGRESSIVE;
				CLANG_CXX_LANGUAGE_STANDARD = "gnu++14";
				CLANG_CXX_LIBRARY = "libc++";
				CLANG_ENABLE_MODULES = YES;
				CLANG_ENABLE_OBJC_ARC = YES;
				CLANG_ENABLE_OBJC_WEAK = YES;
				CLANG_WARN_BLOCK_CAPTURE_AUTORELEASING = YES;
				CLANG_WARN_BOOL_CONVERSION = YES;
				CLANG_WARN_COMMA = YES;
				CLANG_WARN_CONSTANT_CONVERSION = YES;
				CLANG_WARN_DEPRECATED_OBJC_IMPLEMENTATIONS = YES;
				CLANG_WARN_DIRECT_OBJC_ISA_USAGE = YES_ERROR;
				CLANG_WARN_DOCUMENTATION_COMMENTS = YES;
				CLANG_WARN_EMPTY_BODY = YES;
				CLANG_WARN_ENUM_CONVERSION = YES;
				CLANG_WARN_INFINITE_RECURSION = YES;
				CLANG_WARN_INT_CONVERSION = YES;
				CLANG_WARN_NON_LITERAL_NULL_CONVERSION = YES;
				CLANG_WARN_OBJC_IMPLICIT_RETAIN_SELF = YES;
				CLANG_WARN_OBJC_LITERAL_CONVERSION = YES;
				CLANG_WARN_OBJC_ROOT_CLASS = YES_ERROR;
				CLANG_WARN_QUOTED_INCLUDE_IN_FRAMEWORK_HEADER = YES;
				CLANG_WARN_RANGE_LOOP_ANALYSIS = YES;
				CLANG_WARN_STRICT_PROTOTYPES = YES;
				CLANG_WARN_SUSPICIOUS_MOVE = YES;
				CLANG_WARN_UNGUARDED_AVAILABILITY = YES_AGGRESSIVE;
				CLANG_WARN_UNREACHABLE_CODE = YES;
				CLANG_WARN__DUPLICATE_METHOD_MATCH = YES;
				COPY_PHASE_STRIP = NO;
				DEBUG_INFORMATION_FORMAT = dwarf;
				ENABLE_STRICT_OBJC_MSGSEND = YES;
				ENABLE_TESTABILITY = YES;
				GCC_C_LANGUAGE_STANDARD = gnu11;
				GCC_DYNAMIC_NO_PIC = NO;
				GCC_NO_COMMON_BLOCKS = YES;
				GCC_OPTIMIZATION_LEVEL = 0;
				GCC_PREPROCESSOR_DEFINITIONS = (
					"DEBUG=1",
					"$(inherited)",
				);
				GCC_WARN_64_TO_32_BIT_CONVERSION = YES;
				GCC_WARN_ABOUT_RETURN_TYPE = YES_ERROR;
				GCC_WARN_UNDECLARED_SELECTOR = YES;
				GCC_WARN_UNINITIALIZED_AUTOS = YES_AGGRESSIVE;
				GCC_WARN_UNUSED_FUNCTION = YES;
				GCC_WARN_UNUSED_VARIABLE = YES;
				IPHONEOS_DEPLOYMENT_TARGET = 14.4;
				MTL_ENABLE_DEBUG_INFO = INCLUDE_SOURCE;
				MTL_FAST_MATH = YES;
				ONLY_ACTIVE_ARCH = YES;
				SDKROOT = iphoneos;
				SWIFT_ACTIVE_COMPILATION_CONDITIONS = DEBUG;
				SWIFT_OPTIMIZATION_LEVEL = "-Onone";
			};
			name = Debug;
		};
		76A88CFA26069D6D009868C7 /* Release */ = {
			isa = XCBuildConfiguration;
			buildSettings = {
				ALWAYS_SEARCH_USER_PATHS = NO;
				CLANG_ANALYZER_NONNULL = YES;
				CLANG_ANALYZER_NUMBER_OBJECT_CONVERSION = YES_AGGRESSIVE;
				CLANG_CXX_LANGUAGE_STANDARD = "gnu++14";
				CLANG_CXX_LIBRARY = "libc++";
				CLANG_ENABLE_MODULES = YES;
				CLANG_ENABLE_OBJC_ARC = YES;
				CLANG_ENABLE_OBJC_WEAK = YES;
				CLANG_WARN_BLOCK_CAPTURE_AUTORELEASING = YES;
				CLANG_WARN_BOOL_CONVERSION = YES;
				CLANG_WARN_COMMA = YES;
				CLANG_WARN_CONSTANT_CONVERSION = YES;
				CLANG_WARN_DEPRECATED_OBJC_IMPLEMENTATIONS = YES;
				CLANG_WARN_DIRECT_OBJC_ISA_USAGE = YES_ERROR;
				CLANG_WARN_DOCUMENTATION_COMMENTS = YES;
				CLANG_WARN_EMPTY_BODY = YES;
				CLANG_WARN_ENUM_CONVERSION = YES;
				CLANG_WARN_INFINITE_RECURSION = YES;
				CLANG_WARN_INT_CONVERSION = YES;
				CLANG_WARN_NON_LITERAL_NULL_CONVERSION = YES;
				CLANG_WARN_OBJC_IMPLICIT_RETAIN_SELF = YES;
				CLANG_WARN_OBJC_LITERAL_CONVERSION = YES;
				CLANG_WARN_OBJC_ROOT_CLASS = YES_ERROR;
				CLANG_WARN_QUOTED_INCLUDE_IN_FRAMEWORK_HEADER = YES;
				CLANG_WARN_RANGE_LOOP_ANALYSIS = YES;
				CLANG_WARN_STRICT_PROTOTYPES = YES;
				CLANG_WARN_SUSPICIOUS_MOVE = YES;
				CLANG_WARN_UNGUARDED_AVAILABILITY = YES_AGGRESSIVE;
				CLANG_WARN_UNREACHABLE_CODE = YES;
				CLANG_WARN__DUPLICATE_METHOD_MATCH = YES;
				COPY_PHASE_STRIP = NO;
				DEBUG_INFORMATION_FORMAT = "dwarf-with-dsym";
				ENABLE_NS_ASSERTIONS = NO;
				ENABLE_STRICT_OBJC_MSGSEND = YES;
				GCC_C_LANGUAGE_STANDARD = gnu11;
				GCC_NO_COMMON_BLOCKS = YES;
				GCC_WARN_64_TO_32_BIT_CONVERSION = YES;
				GCC_WARN_ABOUT_RETURN_TYPE = YES_ERROR;
				GCC_WARN_UNDECLARED_SELECTOR = YES;
				GCC_WARN_UNINITIALIZED_AUTOS = YES_AGGRESSIVE;
				GCC_WARN_UNUSED_FUNCTION = YES;
				GCC_WARN_UNUSED_VARIABLE = YES;
				IPHONEOS_DEPLOYMENT_TARGET = 14.4;
				MTL_ENABLE_DEBUG_INFO = NO;
				MTL_FAST_MATH = YES;
				SDKROOT = iphoneos;
				SWIFT_COMPILATION_MODE = wholemodule;
				SWIFT_OPTIMIZATION_LEVEL = "-O";
				VALIDATE_PRODUCT = YES;
			};
			name = Release;
		};
		76A88CFC26069D6D009868C7 /* Debug */ = {
			isa = XCBuildConfiguration;
			baseConfigurationReference = F363C062DF407AA1080C709A /* Pods-Parstagram.debug.xcconfig */;
			buildSettings = {
				ASSETCATALOG_COMPILER_APPICON_NAME = AppIcon;
				ASSETCATALOG_COMPILER_GLOBAL_ACCENT_COLOR_NAME = AccentColor;
				CODE_SIGN_STYLE = Automatic;
				INFOPLIST_FILE = Parstagram/Info.plist;
				LD_RUNPATH_SEARCH_PATHS = (
					"$(inherited)",
					"@executable_path/Frameworks",
				);
				PRODUCT_BUNDLE_IDENTIFIER = "lin.kevin528-gmail.com.Parstagram";
				PRODUCT_NAME = "$(TARGET_NAME)";
				SWIFT_VERSION = 5.0;
				TARGETED_DEVICE_FAMILY = "1,2";
			};
			name = Debug;
		};
		76A88CFD26069D6D009868C7 /* Release */ = {
			isa = XCBuildConfiguration;
			baseConfigurationReference = 39729FB380EA70B801FBEF1C /* Pods-Parstagram.release.xcconfig */;
			buildSettings = {
				ASSETCATALOG_COMPILER_APPICON_NAME = AppIcon;
				ASSETCATALOG_COMPILER_GLOBAL_ACCENT_COLOR_NAME = AccentColor;
				CODE_SIGN_STYLE = Automatic;
				INFOPLIST_FILE = Parstagram/Info.plist;
				LD_RUNPATH_SEARCH_PATHS = (
					"$(inherited)",
					"@executable_path/Frameworks",
				);
				PRODUCT_BUNDLE_IDENTIFIER = "lin.kevin528-gmail.com.Parstagram";
				PRODUCT_NAME = "$(TARGET_NAME)";
				SWIFT_VERSION = 5.0;
				TARGETED_DEVICE_FAMILY = "1,2";
			};
			name = Release;
		};
		76A88CFF26069D6D009868C7 /* Debug */ = {
			isa = XCBuildConfiguration;
			baseConfigurationReference = A0A7CBE20CB59ECEC754A91E /* Pods-ParstagramTests.debug.xcconfig */;
			buildSettings = {
				ALWAYS_EMBED_SWIFT_STANDARD_LIBRARIES = YES;
				BUNDLE_LOADER = "$(TEST_HOST)";
				CODE_SIGN_STYLE = Automatic;
				INFOPLIST_FILE = ParstagramTests/Info.plist;
				IPHONEOS_DEPLOYMENT_TARGET = 14.4;
				LD_RUNPATH_SEARCH_PATHS = (
					"$(inherited)",
					"@executable_path/Frameworks",
					"@loader_path/Frameworks",
				);
				PRODUCT_BUNDLE_IDENTIFIER = "lin.kevin528-gmail.com.ParstagramTests";
				PRODUCT_NAME = "$(TARGET_NAME)";
				SWIFT_VERSION = 5.0;
				TARGETED_DEVICE_FAMILY = "1,2";
				TEST_HOST = "$(BUILT_PRODUCTS_DIR)/Parstagram.app/Parstagram";
			};
			name = Debug;
		};
		76A88D0026069D6D009868C7 /* Release */ = {
			isa = XCBuildConfiguration;
			baseConfigurationReference = 1DB4BC8133E64A44DAECE380 /* Pods-ParstagramTests.release.xcconfig */;
			buildSettings = {
				ALWAYS_EMBED_SWIFT_STANDARD_LIBRARIES = YES;
				BUNDLE_LOADER = "$(TEST_HOST)";
				CODE_SIGN_STYLE = Automatic;
				INFOPLIST_FILE = ParstagramTests/Info.plist;
				IPHONEOS_DEPLOYMENT_TARGET = 14.4;
				LD_RUNPATH_SEARCH_PATHS = (
					"$(inherited)",
					"@executable_path/Frameworks",
					"@loader_path/Frameworks",
				);
				PRODUCT_BUNDLE_IDENTIFIER = "lin.kevin528-gmail.com.ParstagramTests";
				PRODUCT_NAME = "$(TARGET_NAME)";
				SWIFT_VERSION = 5.0;
				TARGETED_DEVICE_FAMILY = "1,2";
				TEST_HOST = "$(BUILT_PRODUCTS_DIR)/Parstagram.app/Parstagram";
			};
			name = Release;
		};
		76A88D0226069D6D009868C7 /* Debug */ = {
			isa = XCBuildConfiguration;
			baseConfigurationReference = 7AB7201C0996A1F5F0A210B2 /* Pods-Parstagram-ParstagramUITests.debug.xcconfig */;
			buildSettings = {
				ALWAYS_EMBED_SWIFT_STANDARD_LIBRARIES = YES;
				CODE_SIGN_STYLE = Automatic;
				INFOPLIST_FILE = ParstagramUITests/Info.plist;
				LD_RUNPATH_SEARCH_PATHS = (
					"$(inherited)",
					"@executable_path/Frameworks",
					"@loader_path/Frameworks",
				);
				PRODUCT_BUNDLE_IDENTIFIER = "lin.kevin528-gmail.com.ParstagramUITests";
				PRODUCT_NAME = "$(TARGET_NAME)";
				SWIFT_VERSION = 5.0;
				TARGETED_DEVICE_FAMILY = "1,2";
				TEST_TARGET_NAME = Parstagram;
			};
			name = Debug;
		};
		76A88D0326069D6D009868C7 /* Release */ = {
			isa = XCBuildConfiguration;
			baseConfigurationReference = CB9F6961579CAAC11DE8C2D2 /* Pods-Parstagram-ParstagramUITests.release.xcconfig */;
			buildSettings = {
				ALWAYS_EMBED_SWIFT_STANDARD_LIBRARIES = YES;
				CODE_SIGN_STYLE = Automatic;
				INFOPLIST_FILE = ParstagramUITests/Info.plist;
				LD_RUNPATH_SEARCH_PATHS = (
					"$(inherited)",
					"@executable_path/Frameworks",
					"@loader_path/Frameworks",
				);
				PRODUCT_BUNDLE_IDENTIFIER = "lin.kevin528-gmail.com.ParstagramUITests";
				PRODUCT_NAME = "$(TARGET_NAME)";
				SWIFT_VERSION = 5.0;
				TARGETED_DEVICE_FAMILY = "1,2";
				TEST_TARGET_NAME = Parstagram;
			};
			name = Release;
		};
/* End XCBuildConfiguration section */

/* Begin XCConfigurationList section */
		76A88CCC26069D6C009868C7 /* Build configuration list for PBXProject "Parstagram" */ = {
			isa = XCConfigurationList;
			buildConfigurations = (
				76A88CF926069D6D009868C7 /* Debug */,
				76A88CFA26069D6D009868C7 /* Release */,
			);
			defaultConfigurationIsVisible = 0;
			defaultConfigurationName = Release;
		};
		76A88CFB26069D6D009868C7 /* Build configuration list for PBXNativeTarget "Parstagram" */ = {
			isa = XCConfigurationList;
			buildConfigurations = (
				76A88CFC26069D6D009868C7 /* Debug */,
				76A88CFD26069D6D009868C7 /* Release */,
			);
			defaultConfigurationIsVisible = 0;
			defaultConfigurationName = Release;
		};
		76A88CFE26069D6D009868C7 /* Build configuration list for PBXNativeTarget "ParstagramTests" */ = {
			isa = XCConfigurationList;
			buildConfigurations = (
				76A88CFF26069D6D009868C7 /* Debug */,
				76A88D0026069D6D009868C7 /* Release */,
			);
			defaultConfigurationIsVisible = 0;
			defaultConfigurationName = Release;
		};
		76A88D0126069D6D009868C7 /* Build configuration list for PBXNativeTarget "ParstagramUITests" */ = {
			isa = XCConfigurationList;
			buildConfigurations = (
				76A88D0226069D6D009868C7 /* Debug */,
				76A88D0326069D6D009868C7 /* Release */,
			);
			defaultConfigurationIsVisible = 0;
			defaultConfigurationName = Release;
		};
/* End XCConfigurationList section */
	};
	rootObject = 76A88CC926069D6C009868C7 /* Project object */;
}
